
Microsoft Visual Studio Solution File, Format Version 12.00
# Visual Studio Version 17
VisualStudioVersion = 17.8.34322.80
MinimumVisualStudioVersion = 10.0.40219.1
Project("{FAE04EC0-301F-11D3-BF4B-00C04F79EFBC}") = "DwaCalcter", "DwaCalcter\DwaCalcter.csproj", "{66D3FE78-7244-4C1A-88C4-3C1EE6A2DC7C}"
EndProject
Global
	GlobalSection(SolutionConfigurationPlatforms) = preSolution
		Debug|Any CPU = Debug|Any CPU
		Release|Any CPU = Release|Any CPU
	EndGlobalSection
	GlobalSection(ProjectConfigurationPlatforms) = postSolution
		{66D3FE78-7244-4C1A-88C4-3C1EE6A2DC7C}.Debug|Any CPU.ActiveCfg = Debug|Any CPU
		{66D3FE78-7244-4C1A-88C4-3C1EE6A2DC7C}.Debug|Any CPU.Build.0 = Debug|Any CPU
		{66D3FE78-7244-4C1A-88C4-3C1EE6A2DC7C}.Release|Any CPU.ActiveCfg = Release|Any CPU
		{66D3FE78-7244-4C1A-88C4-3C1EE6A2DC7C}.Release|Any CPU.Build.0 = Release|Any CPU
	EndGlobalSection
	GlobalSection(SolutionProperties) = preSolution
		HideSolutionNode = FALSE
	EndGlobalSection
	GlobalSection(ExtensibilityGlobals) = postSolution
		SolutionGuid = {4AF7D108-4C82-4D07-9399-A269533F5987}
	EndGlobalSection
EndGlobal
